# THIS IS AN AUTOGENERATED FILE. DO NOT EDIT THIS FILE DIRECTLY.
# yarn lockfile v1


dune@*:
  version "0.2.1"
  resolved "https://registry.yarnpkg.com/dune/-/dune-0.2.1.tgz#e70fc7b0802f16fcd7cd2b248926a3653eef07e2"
  integrity sha512-sehiXN7nzoeT7T10zVLfc5R7+kq4BM++25ZfzjIMpSslwatm5XMoPWKdFDzteU/tVA6DvVS8h4yy7fev1bFuhA==

esprima@*:
  version "4.0.1"
  resolved "https://registry.yarnpkg.com/esprima/-/esprima-4.0.1.tgz#13b04cdb3e6c5d19df91ab6987a8695619b0aa71"
  integrity sha512-eGuFFw7Upda+g4p+QHvnW0RyTX/SVeJBDM/gCtMARO0cLuT2HcEKnTPvhjV6aGeqrCB/sbNop0Kszm0jsaWU4A==

fu@*:
  version "0.1.0"
  resolved "https://registry.yarnpkg.com/fu/-/fu-0.1.0.tgz#94e01db417ccc3b86b49a3cc03c319bf5d2acb3a"
  integrity sha512-0p3kyqW4nK+twSxvgm47paevbc/WTF7cn172mdBRvrzeJCHDei0kQOmjOf5X/oRZuhnF97SnQhHwiw9s5BdxFA==

tg@*:
  version "0.0.7"
  resolved "https://registry.yarnpkg.com/tg/-/tg-0.0.7.tgz#940a94dedada05dff97b9f5b7ab4b21ff6f4f57c"
  integrity sha512-9PpnEIG4jSF0VC1XOxk8BZhzNi4OfbG0kqwc5zoWZDtPB+O0IxRyzVLGiM/qGAkY1Tczqkq+P69eX2NMHgxQVw==

tsparticles-engine@^2.7.1:
  version "2.7.1"
  resolved "https://registry.yarnpkg.com/tsparticles-engine/-/tsparticles-engine-2.7.1.tgz#8800ed8569db65dbccaed6c42e5bf86bdf2dff1a"
  integrity sha512-iUjaagXDyYuJi107yADrLegIQ1jHe658JJQUv6+Fd/DRLrmuBU4XrzaxlERv72LHUrZtk1E/WmnOpeIw1AJzFQ==

typed.js@^2.0.12:
  version "2.0.12"
  resolved "https://registry.yarnpkg.com/typed.js/-/typed.js-2.0.12.tgz#246aff074c8e18d32ec27acb7be15094ac0bc0e1"
  integrity sha512-lyACZh1cu+vpfYY3DG/bvsGLXXbdoDDpWxmqta10IQUdMXisMXOEyl+jos+YT9uBbzK4QaKYBjT3R0kTJO0Slw==

typedjs@^0.2.2:
  version "0.2.2"
  resolved "https://registry.yarnpkg.com/typedjs/-/typedjs-0.2.2.tgz#7502ccc9e533e285d30a8e292c2ef697e1670f0f"
  integrity sha512-HPPli2WjoyprcjNLlyJSAdskoPu8WHE81oZkKn/uiqx+q9hO5PHb5s0pGGgYdA/blB4pLT1FlJaBCyp7uxi7sA==
  dependencies:
    dune "*"
    esprima "*"
    fu "*"
    tg "*"
