# THIS IS AN AUTOGENERATED FILE. DO NOT EDIT THIS FILE DIRECTLY.
# yarn lockfile v1


aos@^2.3.4:
  version "2.3.4"
  resolved "https://registry.yarnpkg.com/aos/-/aos-2.3.4.tgz#eb1c29f5c1806a197cf6323080747547edd3db8e"
  integrity sha512-zh/ahtR2yME4I51z8IttIt4lC1Nw0ktsFtmeDzID1m9naJnWXhCoARaCgNOGXb5CLy3zm+wqmRAEgMYB5E2HUw==
  dependencies:
    classlist-polyfill "^1.0.3"
    lodash.debounce "^4.0.6"
    lodash.throttle "^4.0.1"

classlist-polyfill@^1.0.3:
  version "1.2.0"
  resolved "https://registry.yarnpkg.com/classlist-polyfill/-/classlist-polyfill-1.2.0.tgz#935bc2dfd9458a876b279617514638bcaa964a2e"
  integrity sha512-GzIjNdcEtH4ieA2S8NmrSxv7DfEV5fmixQeyTmqmRmRJPGpRBaSnA2a0VrCjyT8iW8JjEdMbKzDotAJf+ajgaQ==

dune@*:
  version "0.2.1"
  resolved "https://registry.yarnpkg.com/dune/-/dune-0.2.1.tgz#e70fc7b0802f16fcd7cd2b248926a3653eef07e2"
  integrity sha512-sehiXN7nzoeT7T10zVLfc5R7+kq4BM++25ZfzjIMpSslwatm5XMoPWKdFDzteU/tVA6DvVS8h4yy7fev1bFuhA==

esprima@*:
  version "4.0.1"
  resolved "https://registry.yarnpkg.com/esprima/-/esprima-4.0.1.tgz#13b04cdb3e6c5d19df91ab6987a8695619b0aa71"
  integrity sha512-eGuFFw7Upda+g4p+QHvnW0RyTX/SVeJBDM/gCtMARO0cLuT2HcEKnTPvhjV6aGeqrCB/sbNop0Kszm0jsaWU4A==

fu@*:
  version "0.1.0"
  resolved "https://registry.yarnpkg.com/fu/-/fu-0.1.0.tgz#94e01db417ccc3b86b49a3cc03c319bf5d2acb3a"
  integrity sha512-0p3kyqW4nK+twSxvgm47paevbc/WTF7cn172mdBRvrzeJCHDei0kQOmjOf5X/oRZuhnF97SnQhHwiw9s5BdxFA==

lodash.debounce@^4.0.6:
  version "4.0.8"
  resolved "https://registry.yarnpkg.com/lodash.debounce/-/lodash.debounce-4.0.8.tgz#82d79bff30a67c4005ffd5e2515300ad9ca4d7af"
  integrity sha512-FT1yDzDYEoYWhnSGnpE/4Kj1fLZkDFyqRb7fNt6FdYOSxlUWAtp42Eh6Wb0rGIv/m9Bgo7x4GhQbm5Ys4SG5ow==

lodash.throttle@^4.0.1:
  version "4.1.1"
  resolved "https://registry.yarnpkg.com/lodash.throttle/-/lodash.throttle-4.1.1.tgz#c23e91b710242ac70c37f1e1cda9274cc39bf2f4"
  integrity sha512-wIkUCfVKpVsWo3JSZlc+8MB5it+2AN5W8J7YVMST30UrvcQNZ1Okbj+rbVniijTWE6FGYy4XJq/rHkas8qJMLQ==

tg@*:
  version "0.0.7"
  resolved "https://registry.yarnpkg.com/tg/-/tg-0.0.7.tgz#940a94dedada05dff97b9f5b7ab4b21ff6f4f57c"
  integrity sha512-9PpnEIG4jSF0VC1XOxk8BZhzNi4OfbG0kqwc5zoWZDtPB+O0IxRyzVLGiM/qGAkY1Tczqkq+P69eX2NMHgxQVw==

tsparticles-engine@^2.7.1:
  version "2.7.1"
  resolved "https://registry.yarnpkg.com/tsparticles-engine/-/tsparticles-engine-2.7.1.tgz#8800ed8569db65dbccaed6c42e5bf86bdf2dff1a"
  integrity sha512-iUjaagXDyYuJi107yADrLegIQ1jHe658JJQUv6+Fd/DRLrmuBU4XrzaxlERv72LHUrZtk1E/WmnOpeIw1AJzFQ==

typed.js@^2.0.12:
  version "2.0.12"
  resolved "https://registry.yarnpkg.com/typed.js/-/typed.js-2.0.12.tgz#246aff074c8e18d32ec27acb7be15094ac0bc0e1"
  integrity sha512-lyACZh1cu+vpfYY3DG/bvsGLXXbdoDDpWxmqta10IQUdMXisMXOEyl+jos+YT9uBbzK4QaKYBjT3R0kTJO0Slw==

typedjs@^0.2.2:
  version "0.2.2"
  resolved "https://registry.yarnpkg.com/typedjs/-/typedjs-0.2.2.tgz#7502ccc9e533e285d30a8e292c2ef697e1670f0f"
  integrity sha512-HPPli2WjoyprcjNLlyJSAdskoPu8WHE81oZkKn/uiqx+q9hO5PHb5s0pGGgYdA/blB4pLT1FlJaBCyp7uxi7sA==
  dependencies:
    dune "*"
    esprima "*"
    fu "*"
    tg "*"
